
Microsoft Visual Studio Solution File, Format Version 12.00
# Visual Studio Version 16
VisualStudioVersion = 16.0.30104.148
MinimumVisualStudioVersion = 10.0.40219.1
Project("{FAE04EC0-301F-11D3-BF4B-00C04F79EFBC}") = "ScrollBar", "ScrollBar\ScrollBar.csproj", "{CDFBAEBF-767A-4C45-B8C3-07FCE1F1D960}"
EndProject
Project("{FAE04EC0-301F-11D3-BF4B-00C04F79EFBC}") = "TestGUI", "TestGUI\TestGUI.csproj", "{119386FB-E466-43A3-BD8D-392F05763C4F}"
EndProject
Global
	GlobalSection(SolutionConfigurationPlatforms) = preSolution
		Debug|Any CPU = Debug|Any CPU
		Release|Any CPU = Release|Any CPU
	EndGlobalSection
	GlobalSection(ProjectConfigurationPlatforms) = postSolution
		{CDFBAEBF-767A-4C45-B8C3-07FCE1F1D960}.Debug|Any CPU.ActiveCfg = Debug|Any CPU
		{CDFBAEBF-767A-4C45-B8C3-07FCE1F1D960}.Debug|Any CPU.Build.0 = Debug|Any CPU
		{CDFBAEBF-767A-4C45-B8C3-07FCE1F1D960}.Release|Any CPU.ActiveCfg = Release|Any CPU
		{CDFBAEBF-767A-4C45-B8C3-07FCE1F1D960}.Release|Any CPU.Build.0 = Release|Any CPU
		{119386FB-E466-43A3-BD8D-392F05763C4F}.Debug|Any CPU.ActiveCfg = Debug|Any CPU
		{119386FB-E466-43A3-BD8D-392F05763C4F}.Debug|Any CPU.Build.0 = Debug|Any CPU
		{119386FB-E466-43A3-BD8D-392F05763C4F}.Release|Any CPU.ActiveCfg = Release|Any CPU
		{119386FB-E466-43A3-BD8D-392F05763C4F}.Release|Any CPU.Build.0 = Release|Any CPU
	EndGlobalSection
	GlobalSection(SolutionProperties) = preSolution
		HideSolutionNode = FALSE
	EndGlobalSection
	GlobalSection(ExtensibilityGlobals) = postSolution
		SolutionGuid = {1BB920C0-ACF3-4BA5-AA34-D3C0461B9203}
	EndGlobalSection
EndGlobal
